
Microsoft Visual Studio Solution File, Format Version 12.00
# Visual Studio 2012
Project("{8BC9CEB8-8B4A-11D0-8D11-00A0C91BC942}") = "HW2P2", "HW2P2\HW2P2.vcxproj", "{A030FCAE-6B28-4166-8296-04A0DF62A950}"
EndProject
Global
	GlobalSection(SolutionConfigurationPlatforms) = preSolution
		Debug|Win32 = Debug|Win32
		Release|Win32 = Release|Win32
	EndGlobalSection
	GlobalSection(ProjectConfigurationPlatforms) = postSolution
		{A030FCAE-6B28-4166-8296-04A0DF62A950}.Debug|Win32.ActiveCfg = Debug|Win32
		{A030FCAE-6B28-4166-8296-04A0DF62A950}.Debug|Win32.Build.0 = Debug|Win32
		{A030FCAE-6B28-4166-8296-04A0DF62A950}.Release|Win32.ActiveCfg = Release|Win32
		{A030FCAE-6B28-4166-8296-04A0DF62A950}.Release|Win32.Build.0 = Release|Win32
	EndGlobalSection
	GlobalSection(SolutionProperties) = preSolution
		HideSolutionNode = FALSE
	EndGlobalSection
EndGlobal
